PODS:
  - Capacitor (7.4.3):
    - CapacitorCordova
  - CapacitorCamera (7.0.2):
    - Capacitor
  - CapacitorCommunityBarcodeScanner (4.0.1):
    - Capacitor
  - CapacitorCordova (7.4.3)

DEPENDENCIES:
  - "Capacitor (from `../../node_modules/@capacitor/ios`)"
  - "CapacitorCamera (from `../../node_modules/@capacitor/camera`)"
  - "CapacitorCommunityBarcodeScanner (from `../../node_modules/@capacitor-community/barcode-scanner`)"
  - "CapacitorCordova (from `../../node_modules/@capacitor/ios`)"

EXTERNAL SOURCES:
  Capacitor:
    :path: "../../node_modules/@capacitor/ios"
  CapacitorCamera:
    :path: "../../node_modules/@capacitor/camera"
  CapacitorCommunityBarcodeScanner:
    :path: "../../node_modules/@capacitor-community/barcode-scanner"
  CapacitorCordova:
    :path: "../../node_modules/@capacitor/ios"

SPEC CHECKSUMS:
  Capacitor: 28d6c01026a9a3f7156529498ec1f389a2a28dbc
  CapacitorCamera: f9e54db0a18bb218a8dc360907d63aaefe9209ff
  CapacitorCommunityBarcodeScanner: 100051f49caad62966f331cbdf6844a3e51db8e9
  CapacitorCordova: 435121e81a2df4d0034f0fb11fcefab5104cfdb5

PODFILE CHECKSUM: fde47bf8c2a0f220f65a9cd2c8d356cc86888dd1

COCOAPODS: 1.16.2
